
Microsoft Visual Studio Solution File, Format Version 12.00
# Visual Studio Version 16
VisualStudioVersion = 16.0.30907.101
MinimumVisualStudioVersion = 10.0.40219.1
Project("{FAE04EC0-301F-11D3-BF4B-00C04F79EFBC}") = "ZeraSystems.CodeNanite.Schema", "ZeraSystems.CodeNanite.Schema.csproj", "{018D3D27-1F8B-4377-935C-03862A6F4119}"
EndProject
Global
	GlobalSection(SolutionConfigurationPlatforms) = preSolution
		Debug|Any CPU = Debug|Any CPU
		Release|Any CPU = Release|Any CPU
	EndGlobalSection
	GlobalSection(ProjectConfigurationPlatforms) = postSolution
		{018D3D27-1F8B-4377-935C-03862A6F4119}.Debug|Any CPU.ActiveCfg = Debug|Any CPU
		{018D3D27-1F8B-4377-935C-03862A6F4119}.Debug|Any CPU.Build.0 = Debug|Any CPU
		{018D3D27-1F8B-4377-935C-03862A6F4119}.Release|Any CPU.ActiveCfg = Release|Any CPU
		{018D3D27-1F8B-4377-935C-03862A6F4119}.Release|Any CPU.Build.0 = Release|Any CPU
	EndGlobalSection
	GlobalSection(SolutionProperties) = preSolution
		HideSolutionNode = FALSE
	EndGlobalSection
	GlobalSection(ExtensibilityGlobals) = postSolution
		SolutionGuid = {33DA6DCD-56FC-4697-8BCD-0287CAF40EE8}
	EndGlobalSection
EndGlobal
